// !$*UTF8*$!
{
	archiveVersion = 1;
	classes = {
	};
	objectVersion = 50;
	objects = {

/* Begin PBXBuildFile section */
		FE1FD31724A3C74C00D0F82C /* AppDelegate.swift in Sources */ = {isa = PBXBuildFile; fileRef = FE1FD31624A3C74C00D0F82C /* AppDelegate.swift */; };
		FE1FD31924A3C74C00D0F82C /* SceneDelegate.swift in Sources */ = {isa = PBXBuildFile; fileRef = FE1FD31824A3C74C00D0F82C /* SceneDelegate.swift */; };
		FE1FD31B24A3C74C00D0F82C /* PokemonViewController.swift in Sources */ = {isa = PBXBuildFile; fileRef = FE1FD31A24A3C74C00D0F82C /* PokemonViewController.swift */; };
		FE1FD32024A3C75000D0F82C /* Assets.xcassets in Resources */ = {isa = PBXBuildFile; fileRef = FE1FD31F24A3C75000D0F82C /* Assets.xcassets */; };
		FE1FD32324A3C75000D0F82C /* LaunchScreen.storyboard in Resources */ = {isa = PBXBuildFile; fileRef = FE1FD32124A3C75000D0F82C /* LaunchScreen.storyboard */; };
		FEF2354524A83C11009BD4F7 /* Pokemon.swift in Sources */ = {isa = PBXBuildFile; fileRef = FEF2354424A83C11009BD4F7 /* Pokemon.swift */; };
		FEF2354724A840BA009BD4F7 /* PokemonTableViewCell.swift in Sources */ = {isa = PBXBuildFile; fileRef = FEF2354624A840BA009BD4F7 /* PokemonTableViewCell.swift */; };
		FEF2354924A851A6009BD4F7 /* PokemonImageViewController.swift in Sources */ = {isa = PBXBuildFile; fileRef = FEF2354824A851A6009BD4F7 /* PokemonImageViewController.swift */; };
/* End PBXBuildFile section */

/* Begin PBXFileReference section */
		FE1FD31324A3C74C00D0F82C /* PokemonAPI.app */ = {isa = PBXFileReference; explicitFileType = wrapper.application; includeInIndex = 0; path = PokemonAPI.app; sourceTree = BUILT_PRODUCTS_DIR; };
		FE1FD31624A3C74C00D0F82C /* AppDelegate.swift */ = {isa = PBXFileReference; lastKnownFileType = sourcecode.swift; path = AppDelegate.swift; sourceTree = "<group>"; };
		FE1FD31824A3C74C00D0F82C /* SceneDelegate.swift */ = {isa = PBXFileReference; lastKnownFileType = sourcecode.swift; path = SceneDelegate.swift; sourceTree = "<group>"; };
		FE1FD31A24A3C74C00D0F82C /* PokemonViewController.swift */ = {isa = PBXFileReference; lastKnownFileType = sourcecode.swift; path = PokemonViewController.swift; sourceTree = "<group>"; };
		FE1FD31F24A3C75000D0F82C /* Assets.xcassets */ = {isa = PBXFileReference; lastKnownFileType = folder.assetcatalog; path = Assets.xcassets; sourceTree = "<group>"; };
		FE1FD32224A3C75000D0F82C /* Base */ = {isa = PBXFileReference; lastKnownFileType = file.storyboard; name = Base; path = Base.lproj/LaunchScreen.storyboard; sourceTree = "<group>"; };
		FE1FD32424A3C75000D0F82C /* Info.plist */ = {isa = PBXFileReference; lastKnownFileType = text.plist.xml; path = Info.plist; sourceTree = "<group>"; };
		FEF2354424A83C11009BD4F7 /* Pokemon.swift */ = {isa = PBXFileReference; lastKnownFileType = sourcecode.swift; path = Pokemon.swift; sourceTree = "<group>"; };
		FEF2354624A840BA009BD4F7 /* PokemonTableViewCell.swift */ = {isa = PBXFileReference; lastKnownFileType = sourcecode.swift; path = PokemonTableViewCell.swift; sourceTree = "<group>"; };
		FEF2354824A851A6009BD4F7 /* PokemonImageViewController.swift */ = {isa = PBXFileReference; lastKnownFileType = sourcecode.swift; path = PokemonImageViewController.swift; sourceTree = "<group>"; };
/* End PBXFileReference section */

/* Begin PBXFrameworksBuildPhase section */
		FE1FD31024A3C74C00D0F82C /* Frameworks */ = {
			isa = PBXFrameworksBuildPhase;
			buildActionMask = 2147483647;
			files = (
			);
			runOnlyForDeploymentPostprocessing = 0;
		};
/* End PBXFrameworksBuildPhase section */

/* Begin PBXGroup section */
		FE1FD30A24A3C74C00D0F82C = {
			isa = PBXGroup;
			children = (
				FE1FD31524A3C74C00D0F82C /* PokemonAPI */,
				FE1FD31424A3C74C00D0F82C /* Products */,
			);
			sourceTree = "<group>";
		};
		FE1FD31424A3C74C00D0F82C /* Products */ = {
			isa = PBXGroup;
			children = (
				FE1FD31324A3C74C00D0F82C /* PokemonAPI.app */,
			);
			name = Products;
			sourceTree = "<group>";
		};
		FE1FD31524A3C74C00D0F82C /* PokemonAPI */ = {
			isa = PBXGroup;
			children = (
				FEAB3FD124A99FB400D2175F /* Model */,
				FEAB3FD024A99FAF00D2175F /* View */,
				FEAB3FCF24A99FA500D2175F /* Controller */,
				FE1FD31624A3C74C00D0F82C /* AppDelegate.swift */,
				FE1FD31824A3C74C00D0F82C /* SceneDelegate.swift */,
				FE1FD31F24A3C75000D0F82C /* Assets.xcassets */,
				FE1FD32124A3C75000D0F82C /* LaunchScreen.storyboard */,
				FE1FD32424A3C75000D0F82C /* Info.plist */,
			);
			path = PokemonAPI;
			sourceTree = "<group>";
		};
		FEAB3FCF24A99FA500D2175F /* Controller */ = {
			isa = PBXGroup;
			children = (
				FE1FD31A24A3C74C00D0F82C /* PokemonViewController.swift */,
				FEF2354824A851A6009BD4F7 /* PokemonImageViewController.swift */,
			);
			path = Controller;
			sourceTree = "<group>";
		};
		FEAB3FD024A99FAF00D2175F /* View */ = {
			isa = PBXGroup;
			children = (
				FEF2354624A840BA009BD4F7 /* PokemonTableViewCell.swift */,
			);
			path = View;
			sourceTree = "<group>";
		};
		FEAB3FD124A99FB400D2175F /* Model */ = {
			isa = PBXGroup;
			children = (
				FEF2354424A83C11009BD4F7 /* Pokemon.swift */,
			);
			path = Model;
			sourceTree = "<group>";
		};
/* End PBXGroup section */

/* Begin PBXNativeTarget section */
		FE1FD31224A3C74C00D0F82C /* PokemonAPI */ = {
			isa = PBXNativeTarget;
			buildConfigurationList = FE1FD32724A3C75000D0F82C /* Build configuration list for PBXNativeTarget "PokemonAPI" */;
			buildPhases = (
				FE1FD30F24A3C74C00D0F82C /* Sources */,
				FE1FD31024A3C74C00D0F82C /* Frameworks */,
				FE1FD31124A3C74C00D0F82C /* Resources */,
			);
			buildRules = (
			);
			dependencies = (
			);
			name = PokemonAPI;
			productName = PokemonAPI;
			productReference = FE1FD31324A3C74C00D0F82C /* PokemonAPI.app */;
			productType = "com.apple.product-type.application";
		};
/* End PBXNativeTarget section */

/* Begin PBXProject section */
		FE1FD30B24A3C74C00D0F82C /* Project object */ = {
			isa = PBXProject;
			attributes = {
				LastSwiftUpdateCheck = 1150;
				LastUpgradeCheck = 1150;
				ORGANIZATIONNAME = "Mark Kim";
				TargetAttributes = {
					FE1FD31224A3C74C00D0F82C = {
						CreatedOnToolsVersion = 11.5;
					};
				};
			};
			buildConfigurationList = FE1FD30E24A3C74C00D0F82C /* Build configuration list for PBXProject "PokemonAPI" */;
			compatibilityVersion = "Xcode 9.3";
			developmentRegion = en;
			hasScannedForEncodings = 0;
			knownRegions = (
				en,
				Base,
			);
			mainGroup = FE1FD30A24A3C74C00D0F82C;
			productRefGroup = FE1FD31424A3C74C00D0F82C /* Products */;
			projectDirPath = "";
			projectRoot = "";
			targets = (
				FE1FD31224A3C74C00D0F82C /* PokemonAPI */,
			);
		};
/* End PBXProject section */

/* Begin PBXResourcesBuildPhase section */
		FE1FD31124A3C74C00D0F82C /* Resources */ = {
			isa = PBXResourcesBuildPhase;
			buildActionMask = 2147483647;
			files = (
				FE1FD32324A3C75000D0F82C /* LaunchScreen.storyboard in Resources */,
				FE1FD32024A3C75000D0F82C /* Assets.xcassets in Resources */,
			);
			runOnlyForDeploymentPostprocessing = 0;
		};
/* End PBXResourcesBuildPhase section */

/* Begin PBXSourcesBuildPhase section */
		FE1FD30F24A3C74C00D0F82C /* Sources */ = {
			isa = PBXSourcesBuildPhase;
			buildActionMask = 2147483647;
			files = (
				FEF2354924A851A6009BD4F7 /* PokemonImageViewController.swift in Sources */,
				FE1FD31B24A3C74C00D0F82C /* PokemonViewController.swift in Sources */,
				FEF2354524A83C11009BD4F7 /* Pokemon.swift in Sources */,
				FE1FD31724A3C74C00D0F82C /* AppDelegate.swift in Sources */,
				FEF2354724A840BA009BD4F7 /* PokemonTableViewCell.swift in Sources */,
				FE1FD31924A3C74C00D0F82C /* SceneDelegate.swift in Sources */,
			);
			runOnlyForDeploymentPostprocessing = 0;
		};
/* End PBXSourcesBuildPhase section */

/* Begin PBXVariantGroup section */
		FE1FD32124A3C75000D0F82C /* LaunchScreen.storyboard */ = {
			isa = PBXVariantGroup;
			children = (
				FE1FD32224A3C75000D0F82C /* Base */,
			);
			name = LaunchScreen.storyboard;
			sourceTree = "<group>";
		};
/* End PBXVariantGroup section */

/* Begin XCBuildConfiguration section */
		FE1FD32524A3C75000D0F82C /* Debug */ = {
			isa = XCBuildConfiguration;
			buildSettings = {
				ALWAYS_SEARCH_USER_PATHS = NO;
				CLANG_ANALYZER_NONNULL = YES;
				CLANG_ANALYZER_NUMBER_OBJECT_CONVERSION = YES_AGGRESSIVE;
				CLANG_CXX_LANGUAGE_STANDARD = "gnu++14";
				CLANG_CXX_LIBRARY = "libc++";
				CLANG_ENABLE_MODULES = YES;
				CLANG_ENABLE_OBJC_ARC = YES;
				CLANG_ENABLE_OBJC_WEAK = YES;
				CLANG_WARN_BLOCK_CAPTURE_AUTORELEASING = YES;
				CLANG_WARN_BOOL_CONVERSION = YES;
				CLANG_WARN_COMMA = YES;
				CLANG_WARN_CONSTANT_CONVERSION = YES;
				CLANG_WARN_DEPRECATED_OBJC_IMPLEMENTATIONS = YES;
				CLANG_WARN_DIRECT_OBJC_ISA_USAGE = YES_ERROR;
				CLANG_WARN_DOCUMENTATION_COMMENTS = YES;
				CLANG_WARN_EMPTY_BODY = YES;
				CLANG_WARN_ENUM_CONVERSION = YES;
				CLANG_WARN_INFINITE_RECURSION = YES;
				CLANG_WARN_INT_CONVERSION = YES;
				CLANG_WARN_NON_LITERAL_NULL_CONVERSION = YES;
				CLANG_WARN_OBJC_IMPLICIT_RETAIN_SELF = YES;
				CLANG_WARN_OBJC_LITERAL_CONVERSION = YES;
				CLANG_WARN_OBJC_ROOT_CLASS = YES_ERROR;
				CLANG_WARN_RANGE_LOOP_ANALYSIS = YES;
				CLANG_WARN_STRICT_PROTOTYPES = YES;
				CLANG_WARN_SUSPICIOUS_MOVE = YES;
				CLANG_WARN_UNGUARDED_AVAILABILITY = YES_AGGRESSIVE;
				CLANG_WARN_UNREACHABLE_CODE = YES;
				CLANG_WARN__DUPLICATE_METHOD_MATCH = YES;
				COPY_PHASE_STRIP = NO;
				DEBUG_INFORMATION_FORMAT = dwarf;
				ENABLE_STRICT_OBJC_MSGSEND = YES;
				ENABLE_TESTABILITY = YES;
				GCC_C_LANGUAGE_STANDARD = gnu11;
				GCC_DYNAMIC_NO_PIC = NO;
				GCC_NO_COMMON_BLOCKS = YES;
				GCC_OPTIMIZATION_LEVEL = 0;
				GCC_PREPROCESSOR_DEFINITIONS = (
					"DEBUG=1",
					"$(inherited)",
				);
				GCC_WARN_64_TO_32_BIT_CONVERSION = YES;
				GCC_WARN_ABOUT_RETURN_TYPE = YES_ERROR;
				GCC_WARN_UNDECLARED_SELECTOR = YES;
				GCC_WARN_UNINITIALIZED_AUTOS = YES_AGGRESSIVE;
				GCC_WARN_UNUSED_FUNCTION = YES;
				GCC_WARN_UNUSED_VARIABLE = YES;
				IPHONEOS_DEPLOYMENT_TARGET = 13.5;
				MTL_ENABLE_DEBUG_INFO = INCLUDE_SOURCE;
				MTL_FAST_MATH = YES;
				ONLY_ACTIVE_ARCH = YES;
				SDKROOT = iphoneos;
				SWIFT_ACTIVE_COMPILATION_CONDITIONS = DEBUG;
				SWIFT_OPTIMIZATION_LEVEL = "-Onone";
			};
			name = Debug;
		};
		FE1FD32624A3C75000D0F82C /* Release */ = {
			isa = XCBuildConfiguration;
			buildSettings = {
				ALWAYS_SEARCH_USER_PATHS = NO;
				CLANG_ANALYZER_NONNULL = YES;
				CLANG_ANALYZER_NUMBER_OBJECT_CONVERSION = YES_AGGRESSIVE;
				CLANG_CXX_LANGUAGE_STANDARD = "gnu++14";
				CLANG_CXX_LIBRARY = "libc++";
				CLANG_ENABLE_MODULES = YES;
				CLANG_ENABLE_OBJC_ARC = YES;
				CLANG_ENABLE_OBJC_WEAK = YES;
				CLANG_WARN_BLOCK_CAPTURE_AUTORELEASING = YES;
				CLANG_WARN_BOOL_CONVERSION = YES;
				CLANG_WARN_COMMA = YES;
				CLANG_WARN_CONSTANT_CONVERSION = YES;
				CLANG_WARN_DEPRECATED_OBJC_IMPLEMENTATIONS = YES;
				CLANG_WARN_DIRECT_OBJC_ISA_USAGE = YES_ERROR;
				CLANG_WARN_DOCUMENTATION_COMMENTS = YES;
				CLANG_WARN_EMPTY_BODY = YES;
				CLANG_WARN_ENUM_CONVERSION = YES;
				CLANG_WARN_INFINITE_RECURSION = YES;
				CLANG_WARN_INT_CONVERSION = YES;
				CLANG_WARN_NON_LITERAL_NULL_CONVERSION = YES;
				CLANG_WARN_OBJC_IMPLICIT_RETAIN_SELF = YES;
				CLANG_WARN_OBJC_LITERAL_CONVERSION = YES;
				CLANG_WARN_OBJC_ROOT_CLASS = YES_ERROR;
				CLANG_WARN_RANGE_LOOP_ANALYSIS = YES;
				CLANG_WARN_STRICT_PROTOTYPES = YES;
				CLANG_WARN_SUSPICIOUS_MOVE = YES;
				CLANG_WARN_UNGUARDED_AVAILABILITY = YES_AGGRESSIVE;
				CLANG_WARN_UNREACHABLE_CODE = YES;
				CLANG_WARN__DUPLICATE_METHOD_MATCH = YES;
				COPY_PHASE_STRIP = NO;
				DEBUG_INFORMATION_FORMAT = "dwarf-with-dsym";
				ENABLE_NS_ASSERTIONS = NO;
				ENABLE_STRICT_OBJC_MSGSEND = YES;
				GCC_C_LANGUAGE_STANDARD = gnu11;
				GCC_NO_COMMON_BLOCKS = YES;
				GCC_WARN_64_TO_32_BIT_CONVERSION = YES;
				GCC_WARN_ABOUT_RETURN_TYPE = YES_ERROR;
				GCC_WARN_UNDECLARED_SELECTOR = YES;
				GCC_WARN_UNINITIALIZED_AUTOS = YES_AGGRESSIVE;
				GCC_WARN_UNUSED_FUNCTION = YES;
				GCC_WARN_UNUSED_VARIABLE = YES;
				IPHONEOS_DEPLOYMENT_TARGET = 13.5;
				MTL_ENABLE_DEBUG_INFO = NO;
				MTL_FAST_MATH = YES;
				SDKROOT = iphoneos;
				SWIFT_COMPILATION_MODE = wholemodule;
				SWIFT_OPTIMIZATION_LEVEL = "-O";
				VALIDATE_PRODUCT = YES;
			};
			name = Release;
		};
		FE1FD32824A3C75000D0F82C /* Debug */ = {
			isa = XCBuildConfiguration;
			buildSettings = {
				ASSETCATALOG_COMPILER_APPICON_NAME = AppIcon;
				CODE_SIGN_STYLE = Automatic;
				INFOPLIST_FILE = PokemonAPI/Info.plist;
				LD_RUNPATH_SEARCH_PATHS = (
					"$(inherited)",
					"@executable_path/Frameworks",
				);
				PRODUCT_BUNDLE_IDENTIFIER = com.markkim.PokemonAPI;
				PRODUCT_NAME = "$(TARGET_NAME)";
				SWIFT_VERSION = 5.0;
				TARGETED_DEVICE_FAMILY = "1,2";
			};
			name = Debug;
		};
		FE1FD32924A3C75000D0F82C /* Release */ = {
			isa = XCBuildConfiguration;
			buildSettings = {
				ASSETCATALOG_COMPILER_APPICON_NAME = AppIcon;
				CODE_SIGN_STYLE = Automatic;
				INFOPLIST_FILE = PokemonAPI/Info.plist;
				LD_RUNPATH_SEARCH_PATHS = (
					"$(inherited)",
					"@executable_path/Frameworks",
				);
				PRODUCT_BUNDLE_IDENTIFIER = com.markkim.PokemonAPI;
				PRODUCT_NAME = "$(TARGET_NAME)";
				SWIFT_VERSION = 5.0;
				TARGETED_DEVICE_FAMILY = "1,2";
			};
			name = Release;
		};
/* End XCBuildConfiguration section */

/* Begin XCConfigurationList section */
		FE1FD30E24A3C74C00D0F82C /* Build configuration list for PBXProject "PokemonAPI" */ = {
			isa = XCConfigurationList;
			buildConfigurations = (
				FE1FD32524A3C75000D0F82C /* Debug */,
				FE1FD32624A3C75000D0F82C /* Release */,
			);
			defaultConfigurationIsVisible = 0;
			defaultConfigurationName = Release;
		};
		FE1FD32724A3C75000D0F82C /* Build configuration list for PBXNativeTarget "PokemonAPI" */ = {
			isa = XCConfigurationList;
			buildConfigurations = (
				FE1FD32824A3C75000D0F82C /* Debug */,
				FE1FD32924A3C75000D0F82C /* Release */,
			);
			defaultConfigurationIsVisible = 0;
			defaultConfigurationName = Release;
		};
/* End XCConfigurationList section */
	};
	rootObject = FE1FD30B24A3C74C00D0F82C /* Project object */;
}
